<?xml version="1.0" encoding="utf-8"?>
<Project ToolsVersion="4.0" xmlns="http://schemas.microsoft.com/developer/msbuild/2003">
  <ItemGroup>
    <Filter Include="Source Files">
      <UniqueIdentifier>{4FC737F1-C7A5-4376-A066-2A32D752A2FF}</UniqueIdentifier>
      <Extensions>cpp;c;cc;cxx;c++;cppm;ixx;def;odl;idl;hpj;bat;asm;asmx</Extensions>
    </Filter>
    <Filter Include="Header Files">
      <UniqueIdentifier>{93995380-89BD-4b04-88EB-625FBE52EBFB}</UniqueIdentifier>
      <Extensions>h;hh;hpp;hxx;h++;hm;inl;inc;ipp;xsd</Extensions>
    </Filter>
    <Filter Include="Resource Files">
      <UniqueIdentifier>{67DA6AB6-F800-4c08-8B7A-83BB121AAD01}</UniqueIdentifier>
      <Extensions>rc;ico;cur;bmp;dlg;rc2;rct;bin;rgs;gif;jpg;jpeg;jpe;resx;tiff;tif;png;wav;mfcribbon-ms</Extensions>
    </Filter>
    <Filter Include="Source Files\Z1Logic">
      <UniqueIdentifier>{d687e771-32c0-49d9-aff5-62d85b5a8fca}</UniqueIdentifier>
    </Filter>
    <Filter Include="Source Files\Z1Adb">
      <UniqueIdentifier>{22cff7af-8e54-4a22-959f-34672357b722}</UniqueIdentifier>
    </Filter>
    <Filter Include="Source Files\Z1CV">
      <UniqueIdentifier>{67bd9d5c-d6a3-4679-8886-dde9e6c13dc4}</UniqueIdentifier>
    </Filter>
    <Filter Include="Header Files\Z1Logic">
      <UniqueIdentifier>{09e01feb-bd0e-4d9c-b70d-82f411bac12a}</UniqueIdentifier>
    </Filter>
    <Filter Include="Resource Files\DriverEvents">
      <UniqueIdentifier>{faf419f9-1ab1-4438-848e-43e4471d8849}</UniqueIdentifier>
    </Filter>
    <Filter Include="Source Files\Z1AF_Logic">
      <UniqueIdentifier>{0456ee0b-aabd-40d4-a879-392ff7e5e9d6}</UniqueIdentifier>
    </Filter>
    <Filter Include="Resource Files\DriverConfig">
      <UniqueIdentifier>{7fbb67a3-473b-4ad6-865b-3baa3c0ff516}</UniqueIdentifier>
    </Filter>
    <Filter Include="Resource Files\DriverEvents\BGO">
      <UniqueIdentifier>{14178101-9a91-498c-9226-f0174aceb448}</UniqueIdentifier>
    </Filter>
    <Filter Include="Header Files\Z1AF">
      <UniqueIdentifier>{7b945124-955e-4e69-9244-f79eb54a4b41}</UniqueIdentifier>
    </Filter>
  </ItemGroup>
  <ItemGroup>
    <ClInclude Include="Classes\Include\Z1C.h">
      <Filter>Header Files</Filter>
    </ClInclude>
    <ClInclude Include="..\Classes\Include\Z1_BaseMacro.h">
      <Filter>Header Files</Filter>
    </ClInclude>
    <ClInclude Include="Classes\Include\Z1Adb.h">
      <Filter>Header Files</Filter>
    </ClInclude>
    <ClInclude Include="Classes\Include\Z1Log.h">
      <Filter>Header Files\Z1Logic</Filter>
    </ClInclude>
    <ClInclude Include="Classes\Include\Z1WinMgr.h">
      <Filter>Header Files\Z1Logic</Filter>
    </ClInclude>
    <ClInclude Include="Classes\Include\ZDriver.h">
      <Filter>Header Files\Z1Logic</Filter>
    </ClInclude>
    <ClInclude Include="Classes\Include\Z1CV.h">
      <Filter>Header Files\Z1Logic</Filter>
    </ClInclude>
    <ClInclude Include="Classes\Include\Z1AF.h">
      <Filter>Header Files\Z1AF</Filter>
    </ClInclude>
  </ItemGroup>
  <ItemGroup>
    <ClCompile Include="Classes\Main.c">
      <Filter>Source Files</Filter>
    </ClCompile>
    <ClCompile Include="Classes\Z1Adb.c">
      <Filter>Source Files\Z1Adb</Filter>
    </ClCompile>
    <ClCompile Include="Classes\Z1Log.c">
      <Filter>Source Files\Z1Logic</Filter>
    </ClCompile>
    <ClCompile Include="Classes\Z1WinMgr.c">
      <Filter>Source Files\Z1Logic</Filter>
    </ClCompile>
    <ClCompile Include="Classes\ZDriver.c">
      <Filter>Source Files\Z1Logic</Filter>
    </ClCompile>
    <ClCompile Include="Classes\Z1CV.cpp">
      <Filter>Source Files\Z1CV</Filter>
    </ClCompile>
    <ClCompile Include="Classes\ZStructFn.c">
      <Filter>Source Files\Z1Logic</Filter>
    </ClCompile>
    <ClCompile Include="Classes\Z1AF_EventMgr.c">
      <Filter>Source Files\Z1AF_Logic</Filter>
    </ClCompile>
  </ItemGroup>
  <ItemGroup>
    <None Include="..\Resource\DriverConfig\BGO.ini">
      <Filter>Resource Files\DriverConfig</Filter>
    </None>
    <None Include="..\Resource\DriverEvent\BGO\login.csv">
      <Filter>Resource Files\DriverEvents\BGO</Filter>
    </None>
  </ItemGroup>
</Project>